
Microsoft Visual Studio Solution File, Format Version 12.00
# Visual Studio Version 16
VisualStudioVersion = 16.0.29920.165
MinimumVisualStudioVersion = 10.0.40219.1
Project("{FAE04EC0-301F-11D3-BF4B-00C04F79EFBC}") = "DitSIKON", "DitSIKON\DitSIKON.csproj", "{B5881DE0-16BD-4C2D-8B2D-B1B54FEA8A67}"
EndProject
Global
	GlobalSection(SolutionConfigurationPlatforms) = preSolution
		Debug|Any CPU = Debug|Any CPU
		Release|Any CPU = Release|Any CPU
	EndGlobalSection
	GlobalSection(ProjectConfigurationPlatforms) = postSolution
		{B5881DE0-16BD-4C2D-8B2D-B1B54FEA8A67}.Debug|Any CPU.ActiveCfg = Debug|Any CPU
		{B5881DE0-16BD-4C2D-8B2D-B1B54FEA8A67}.Debug|Any CPU.Build.0 = Debug|Any CPU
		{B5881DE0-16BD-4C2D-8B2D-B1B54FEA8A67}.Release|Any CPU.ActiveCfg = Release|Any CPU
		{B5881DE0-16BD-4C2D-8B2D-B1B54FEA8A67}.Release|Any CPU.Build.0 = Release|Any CPU
	EndGlobalSection
	GlobalSection(SolutionProperties) = preSolution
		HideSolutionNode = FALSE
	EndGlobalSection
	GlobalSection(ExtensibilityGlobals) = postSolution
		SolutionGuid = {C01BF64D-2B18-44C7-A5CA-B2F67F5C79FE}
	EndGlobalSection
EndGlobal
